
Microsoft Visual Studio Solution File, Format Version 12.00
# Visual Studio Version 16
VisualStudioVersion = 16.0.34902.97
MinimumVisualStudioVersion = 10.0.40219.1
Project("{FAE04EC0-301F-11D3-BF4B-00C04F79EFBC}") = "Task1", "Task1\Task1.csproj", "{2C30561E-F154-4139-802A-B685026A1FA0}"
EndProject
Global
	GlobalSection(SolutionConfigurationPlatforms) = preSolution
		Debug|Any CPU = Debug|Any CPU
		Release|Any CPU = Release|Any CPU
	EndGlobalSection
	GlobalSection(ProjectConfigurationPlatforms) = postSolution
		{2C30561E-F154-4139-802A-B685026A1FA0}.Debug|Any CPU.ActiveCfg = Debug|Any CPU
		{2C30561E-F154-4139-802A-B685026A1FA0}.Debug|Any CPU.Build.0 = Debug|Any CPU
		{2C30561E-F154-4139-802A-B685026A1FA0}.Release|Any CPU.ActiveCfg = Release|Any CPU
		{2C30561E-F154-4139-802A-B685026A1FA0}.Release|Any CPU.Build.0 = Release|Any CPU
	EndGlobalSection
	GlobalSection(SolutionProperties) = preSolution
		HideSolutionNode = FALSE
	EndGlobalSection
	GlobalSection(ExtensibilityGlobals) = postSolution
		SolutionGuid = {C8CD3F0D-72F8-4214-ABF8-48466145BDF7}
	EndGlobalSection
EndGlobal
