
Microsoft Visual Studio Solution File, Format Version 12.00
# Visual Studio Version 16
VisualStudioVersion = 16.0.34902.97
MinimumVisualStudioVersion = 10.0.40219.1
Project("{FAE04EC0-301F-11D3-BF4B-00C04F79EFBC}") = "Task3", "Task3\Task3.csproj", "{72EDF122-017E-4AA9-93F3-CC6960D4B671}"
EndProject
Global
	GlobalSection(SolutionConfigurationPlatforms) = preSolution
		Debug|Any CPU = Debug|Any CPU
		Release|Any CPU = Release|Any CPU
	EndGlobalSection
	GlobalSection(ProjectConfigurationPlatforms) = postSolution
		{72EDF122-017E-4AA9-93F3-CC6960D4B671}.Debug|Any CPU.ActiveCfg = Debug|Any CPU
		{72EDF122-017E-4AA9-93F3-CC6960D4B671}.Debug|Any CPU.Build.0 = Debug|Any CPU
		{72EDF122-017E-4AA9-93F3-CC6960D4B671}.Release|Any CPU.ActiveCfg = Release|Any CPU
		{72EDF122-017E-4AA9-93F3-CC6960D4B671}.Release|Any CPU.Build.0 = Release|Any CPU
	EndGlobalSection
	GlobalSection(SolutionProperties) = preSolution
		HideSolutionNode = FALSE
	EndGlobalSection
	GlobalSection(ExtensibilityGlobals) = postSolution
		SolutionGuid = {3AA5198B-9D9D-41D1-BAD0-0F1169496FE4}
	EndGlobalSection
EndGlobal
